
Microsoft Visual Studio Solution File, Format Version 12.00
# Visual Studio Version 16
VisualStudioVersion = 16.0.31515.178
MinimumVisualStudioVersion = 10.0.40219.1
Project("{FAE04EC0-301F-11D3-BF4B-00C04F79EFBC}") = "18dth_n1", "18dth_n1\18dth_n1.csproj", "{D78D6CB8-E74D-47CC-B694-7BBA2310822B}"
EndProject
Global
	GlobalSection(SolutionConfigurationPlatforms) = preSolution
		Debug|Any CPU = Debug|Any CPU
		Release|Any CPU = Release|Any CPU
	EndGlobalSection
	GlobalSection(ProjectConfigurationPlatforms) = postSolution
		{D78D6CB8-E74D-47CC-B694-7BBA2310822B}.Debug|Any CPU.ActiveCfg = Debug|Any CPU
		{D78D6CB8-E74D-47CC-B694-7BBA2310822B}.Debug|Any CPU.Build.0 = Debug|Any CPU
		{D78D6CB8-E74D-47CC-B694-7BBA2310822B}.Release|Any CPU.ActiveCfg = Release|Any CPU
		{D78D6CB8-E74D-47CC-B694-7BBA2310822B}.Release|Any CPU.Build.0 = Release|Any CPU
	EndGlobalSection
	GlobalSection(SolutionProperties) = preSolution
		HideSolutionNode = FALSE
	EndGlobalSection
	GlobalSection(ExtensibilityGlobals) = postSolution
		SolutionGuid = {B037277C-F62E-4C0A-A318-D0AC145A4263}
	EndGlobalSection
EndGlobal
